
Microsoft Visual Studio Solution File, Format Version 12.00
# Visual Studio 15
VisualStudioVersion = 15.0.26124.0
MinimumVisualStudioVersion = 15.0.26124.0
Project("{2150E333-8FDC-42A3-9474-1A3956D46DE8}") = "test", "test", "{CDCEF40E-B685-4C08-9DC2-912A4E0E5CB0}"
EndProject
Project("{FAE04EC0-301F-11D3-BF4B-00C04F79EFBC}") = "CommandAPI.Tests", "test\CommandAPI.Tests\CommandAPI.Tests.csproj", "{A9080841-BD3D-4C5F-A620-BDB41EC3E683}"
EndProject
Project("{2150E333-8FDC-42A3-9474-1A3956D46DE8}") = "src", "src", "{195D88D0-067B-4994-A765-F045487C755A}"
EndProject
Project("{FAE04EC0-301F-11D3-BF4B-00C04F79EFBC}") = "CommandAPI", "src\CommandAPI\CommandAPI.csproj", "{FE961C99-2C22-4526-975E-5C9D4519ED27}"
EndProject
Global
	GlobalSection(SolutionConfigurationPlatforms) = preSolution
		Debug|Any CPU = Debug|Any CPU
		Debug|x64 = Debug|x64
		Debug|x86 = Debug|x86
		Release|Any CPU = Release|Any CPU
		Release|x64 = Release|x64
		Release|x86 = Release|x86
	EndGlobalSection
	GlobalSection(SolutionProperties) = preSolution
		HideSolutionNode = FALSE
	EndGlobalSection
	GlobalSection(ProjectConfigurationPlatforms) = postSolution
		{A9080841-BD3D-4C5F-A620-BDB41EC3E683}.Debug|Any CPU.ActiveCfg = Debug|Any CPU
		{A9080841-BD3D-4C5F-A620-BDB41EC3E683}.Debug|Any CPU.Build.0 = Debug|Any CPU
		{A9080841-BD3D-4C5F-A620-BDB41EC3E683}.Debug|x64.ActiveCfg = Debug|Any CPU
		{A9080841-BD3D-4C5F-A620-BDB41EC3E683}.Debug|x64.Build.0 = Debug|Any CPU
		{A9080841-BD3D-4C5F-A620-BDB41EC3E683}.Debug|x86.ActiveCfg = Debug|Any CPU
		{A9080841-BD3D-4C5F-A620-BDB41EC3E683}.Debug|x86.Build.0 = Debug|Any CPU
		{A9080841-BD3D-4C5F-A620-BDB41EC3E683}.Release|Any CPU.ActiveCfg = Release|Any CPU
		{A9080841-BD3D-4C5F-A620-BDB41EC3E683}.Release|Any CPU.Build.0 = Release|Any CPU
		{A9080841-BD3D-4C5F-A620-BDB41EC3E683}.Release|x64.ActiveCfg = Release|Any CPU
		{A9080841-BD3D-4C5F-A620-BDB41EC3E683}.Release|x64.Build.0 = Release|Any CPU
		{A9080841-BD3D-4C5F-A620-BDB41EC3E683}.Release|x86.ActiveCfg = Release|Any CPU
		{A9080841-BD3D-4C5F-A620-BDB41EC3E683}.Release|x86.Build.0 = Release|Any CPU
		{FE961C99-2C22-4526-975E-5C9D4519ED27}.Debug|Any CPU.ActiveCfg = Debug|Any CPU
		{FE961C99-2C22-4526-975E-5C9D4519ED27}.Debug|Any CPU.Build.0 = Debug|Any CPU
		{FE961C99-2C22-4526-975E-5C9D4519ED27}.Debug|x64.ActiveCfg = Debug|Any CPU
		{FE961C99-2C22-4526-975E-5C9D4519ED27}.Debug|x64.Build.0 = Debug|Any CPU
		{FE961C99-2C22-4526-975E-5C9D4519ED27}.Debug|x86.ActiveCfg = Debug|Any CPU
		{FE961C99-2C22-4526-975E-5C9D4519ED27}.Debug|x86.Build.0 = Debug|Any CPU
		{FE961C99-2C22-4526-975E-5C9D4519ED27}.Release|Any CPU.ActiveCfg = Release|Any CPU
		{FE961C99-2C22-4526-975E-5C9D4519ED27}.Release|Any CPU.Build.0 = Release|Any CPU
		{FE961C99-2C22-4526-975E-5C9D4519ED27}.Release|x64.ActiveCfg = Release|Any CPU
		{FE961C99-2C22-4526-975E-5C9D4519ED27}.Release|x64.Build.0 = Release|Any CPU
		{FE961C99-2C22-4526-975E-5C9D4519ED27}.Release|x86.ActiveCfg = Release|Any CPU
		{FE961C99-2C22-4526-975E-5C9D4519ED27}.Release|x86.Build.0 = Release|Any CPU
	EndGlobalSection
	GlobalSection(NestedProjects) = preSolution
		{A9080841-BD3D-4C5F-A620-BDB41EC3E683} = {CDCEF40E-B685-4C08-9DC2-912A4E0E5CB0}
		{FE961C99-2C22-4526-975E-5C9D4519ED27} = {195D88D0-067B-4994-A765-F045487C755A}
	EndGlobalSection
EndGlobal
